
Microsoft Visual Studio Solution File, Format Version 12.00
# Visual Studio Version 16
VisualStudioVersion = 16.0.29728.190
MinimumVisualStudioVersion = 10.0.40219.1
Project("{9A19103F-16F7-4668-BE54-9A1E7A4F7556}") = "Reminder.App", "Reminder.App\Reminder.App.csproj", "{24EF14CC-DDBA-4918-AB48-3F91218FC1B3}"
EndProject
Project("{9A19103F-16F7-4668-BE54-9A1E7A4F7556}") = "Reminder.Storage.Core", "Reminder.Storage.Core\Reminder.Storage.Core.csproj", "{0135EA51-A781-4EAD-898B-6F72E27C5C0E}"
EndProject
Project("{9A19103F-16F7-4668-BE54-9A1E7A4F7556}") = "Reminder.Storage.Entity", "Reminder.Storage.Entity\Reminder.Storage.Entity.csproj", "{C8AED305-FF55-43D0-A3E8-00A140637906}"
EndProject
Project("{9A19103F-16F7-4668-BE54-9A1E7A4F7556}") = "Reminder.Storage.InMemory", "Reminder.Storage.InMemory\Reminder.Storage.InMemory.csproj", "{929157CB-1D11-4CFF-9003-9A36AE8EA461}"
EndProject
Project("{9A19103F-16F7-4668-BE54-9A1E7A4F7556}") = "Reminder.Scheduler", "Reminder.Scheduler\Reminder.Scheduler.csproj", "{C9C86C1E-79E6-4F0A-A811-33C1721431D6}"
EndProject
Project("{9A19103F-16F7-4668-BE54-9A1E7A4F7556}") = "Reminder.Parameters", "Reminder.Parameters\Reminder.Parameters.csproj", "{1B2A0A4B-2431-48A5-A794-A24CBBD1DF96}"
EndProject
Project("{FAE04EC0-301F-11D3-BF4B-00C04F79EFBC}") = "Reminder.Storage.InMemory.Tests", "Reminder.Storage.InMemory.Tests\Reminder.Storage.InMemory.Tests.csproj", "{179A231A-11EF-416D-9C7F-81213FA8A8C3}"
EndProject
Global
	GlobalSection(SolutionConfigurationPlatforms) = preSolution
		Debug|Any CPU = Debug|Any CPU
		Release|Any CPU = Release|Any CPU
	EndGlobalSection
	GlobalSection(ProjectConfigurationPlatforms) = postSolution
		{24EF14CC-DDBA-4918-AB48-3F91218FC1B3}.Debug|Any CPU.ActiveCfg = Debug|Any CPU
		{24EF14CC-DDBA-4918-AB48-3F91218FC1B3}.Debug|Any CPU.Build.0 = Debug|Any CPU
		{24EF14CC-DDBA-4918-AB48-3F91218FC1B3}.Release|Any CPU.ActiveCfg = Release|Any CPU
		{24EF14CC-DDBA-4918-AB48-3F91218FC1B3}.Release|Any CPU.Build.0 = Release|Any CPU
		{0135EA51-A781-4EAD-898B-6F72E27C5C0E}.Debug|Any CPU.ActiveCfg = Debug|Any CPU
		{0135EA51-A781-4EAD-898B-6F72E27C5C0E}.Debug|Any CPU.Build.0 = Debug|Any CPU
		{0135EA51-A781-4EAD-898B-6F72E27C5C0E}.Release|Any CPU.ActiveCfg = Release|Any CPU
		{0135EA51-A781-4EAD-898B-6F72E27C5C0E}.Release|Any CPU.Build.0 = Release|Any CPU
		{C8AED305-FF55-43D0-A3E8-00A140637906}.Debug|Any CPU.ActiveCfg = Debug|Any CPU
		{C8AED305-FF55-43D0-A3E8-00A140637906}.Debug|Any CPU.Build.0 = Debug|Any CPU
		{C8AED305-FF55-43D0-A3E8-00A140637906}.Release|Any CPU.ActiveCfg = Release|Any CPU
		{C8AED305-FF55-43D0-A3E8-00A140637906}.Release|Any CPU.Build.0 = Release|Any CPU
		{929157CB-1D11-4CFF-9003-9A36AE8EA461}.Debug|Any CPU.ActiveCfg = Debug|Any CPU
		{929157CB-1D11-4CFF-9003-9A36AE8EA461}.Debug|Any CPU.Build.0 = Debug|Any CPU
		{929157CB-1D11-4CFF-9003-9A36AE8EA461}.Release|Any CPU.ActiveCfg = Release|Any CPU
		{929157CB-1D11-4CFF-9003-9A36AE8EA461}.Release|Any CPU.Build.0 = Release|Any CPU
		{C9C86C1E-79E6-4F0A-A811-33C1721431D6}.Debug|Any CPU.ActiveCfg = Debug|Any CPU
		{C9C86C1E-79E6-4F0A-A811-33C1721431D6}.Debug|Any CPU.Build.0 = Debug|Any CPU
		{C9C86C1E-79E6-4F0A-A811-33C1721431D6}.Release|Any CPU.ActiveCfg = Release|Any CPU
		{C9C86C1E-79E6-4F0A-A811-33C1721431D6}.Release|Any CPU.Build.0 = Release|Any CPU
		{1B2A0A4B-2431-48A5-A794-A24CBBD1DF96}.Debug|Any CPU.ActiveCfg = Debug|Any CPU
		{1B2A0A4B-2431-48A5-A794-A24CBBD1DF96}.Debug|Any CPU.Build.0 = Debug|Any CPU
		{1B2A0A4B-2431-48A5-A794-A24CBBD1DF96}.Release|Any CPU.ActiveCfg = Release|Any CPU
		{1B2A0A4B-2431-48A5-A794-A24CBBD1DF96}.Release|Any CPU.Build.0 = Release|Any CPU
		{179A231A-11EF-416D-9C7F-81213FA8A8C3}.Debug|Any CPU.ActiveCfg = Debug|Any CPU
		{179A231A-11EF-416D-9C7F-81213FA8A8C3}.Debug|Any CPU.Build.0 = Debug|Any CPU
		{179A231A-11EF-416D-9C7F-81213FA8A8C3}.Release|Any CPU.ActiveCfg = Release|Any CPU
		{179A231A-11EF-416D-9C7F-81213FA8A8C3}.Release|Any CPU.Build.0 = Release|Any CPU
	EndGlobalSection
	GlobalSection(SolutionProperties) = preSolution
		HideSolutionNode = FALSE
	EndGlobalSection
	GlobalSection(ExtensibilityGlobals) = postSolution
		SolutionGuid = {0BFB05E8-AFA0-4AF5-AD99-A77656AB077B}
	EndGlobalSection
EndGlobal
